{
	"name": "wheel-of-folketinget",
	"version": "1.0.0",
	"lockfileVersion": 2,
	"requires": true,
	"packages": {
		"": {
			"name": "wheel-of-folketinget",
			"version": "1.0.0",
			"license": "ISC",
			"devDependencies": {
				"mini-jsx": "^3.0.4"
			}
		},
		"node_modules/mini-jsx": {
			"version": "3.0.4",
			"resolved": "https://registry.npmjs.org/mini-jsx/-/mini-jsx-3.0.4.tgz",
			"integrity": "sha512-pf0ug6uL/HLIZ7T11Tm2wJr1WZQ/wFPxEKRam43WO9alk1uOYbL+5CdsJQQo+H7knfYm8sqWHA5KzSfW9/KT6g==",
			"dev": true
		}
	},
	"dependencies": {
		"mini-jsx": {
			"version": "3.0.4",
			"resolved": "https://registry.npmjs.org/mini-jsx/-/mini-jsx-3.0.4.tgz",
			"integrity": "sha512-pf0ug6uL/HLIZ7T11Tm2wJr1WZQ/wFPxEKRam43WO9alk1uOYbL+5CdsJQQo+H7knfYm8sqWHA5KzSfW9/KT6g==",
			"dev": true
		}
	}
}
